{
  "meteor": {},
  "dependencies": {
    "basePackages": {
      "npm": {},
      "semantic-ui": {}
    },
    "packages": {
      "npm": {
        "git": "https://github.com/arunoda/meteor-npm.git",
        "tag": "v0.2.6",
        "commit": "177ab6118de5bf8cffb19481343d5762ff7a2aaf"
      },
      "semantic-ui": {
        "git": "https://github.com/nooitaf/meteor-semantic-ui.git",
        "tag": "v0.16.1",
        "commit": "46da3245561e5e64f03b1e2c8807cc6125aa4d98"
      }
    }
  }
}
